
Microsoft Visual Studio Solution File, Format Version 12.00
# Visual Studio Version 17
VisualStudioVersion = 17.13.35931.197 d17.13
MinimumVisualStudioVersion = 10.0.40219.1
Project("{FAE04EC0-301F-11D3-BF4B-00C04F79EFBC}") = "Lab3", "Lab3\Lab3.csproj", "{49727D60-1551-4692-92E3-224BD146B380}"
EndProject
Global
	GlobalSection(SolutionConfigurationPlatforms) = preSolution
		Debug|Any CPU = Debug|Any CPU
		Release|Any CPU = Release|Any CPU
	EndGlobalSection
	GlobalSection(ProjectConfigurationPlatforms) = postSolution
		{49727D60-1551-4692-92E3-224BD146B380}.Debug|Any CPU.ActiveCfg = Debug|Any CPU
		{49727D60-1551-4692-92E3-224BD146B380}.Debug|Any CPU.Build.0 = Debug|Any CPU
		{49727D60-1551-4692-92E3-224BD146B380}.Release|Any CPU.ActiveCfg = Release|Any CPU
		{49727D60-1551-4692-92E3-224BD146B380}.Release|Any CPU.Build.0 = Release|Any CPU
	EndGlobalSection
	GlobalSection(SolutionProperties) = preSolution
		HideSolutionNode = FALSE
	EndGlobalSection
	GlobalSection(ExtensibilityGlobals) = postSolution
		SolutionGuid = {1BC595C8-17E7-4487-BEE4-EB2B79F16957}
	EndGlobalSection
EndGlobal
